
Microsoft Visual Studio Solution File, Format Version 12.00
# Visual Studio Version 17
VisualStudioVersion = 17.14.36414.22 d17.14
MinimumVisualStudioVersion = 10.0.40219.1
Project("{FAE04EC0-301F-11D3-BF4B-00C04F79EFBC}") = "Smart Expenses V2", "Smart Expenses V2\Smart Expenses V2.csproj", "{C96105F0-3B1A-4398-BAA0-74118512BECD}"
EndProject
Global
	GlobalSection(SolutionConfigurationPlatforms) = preSolution
		Debug|Any CPU = Debug|Any CPU
		Release|Any CPU = Release|Any CPU
	EndGlobalSection
	GlobalSection(ProjectConfigurationPlatforms) = postSolution
		{C96105F0-3B1A-4398-BAA0-74118512BECD}.Debug|Any CPU.ActiveCfg = Debug|Any CPU
		{C96105F0-3B1A-4398-BAA0-74118512BECD}.Debug|Any CPU.Build.0 = Debug|Any CPU
		{C96105F0-3B1A-4398-BAA0-74118512BECD}.Release|Any CPU.ActiveCfg = Release|Any CPU
		{C96105F0-3B1A-4398-BAA0-74118512BECD}.Release|Any CPU.Build.0 = Release|Any CPU
	EndGlobalSection
	GlobalSection(SolutionProperties) = preSolution
		HideSolutionNode = FALSE
	EndGlobalSection
	GlobalSection(ExtensibilityGlobals) = postSolution
		SolutionGuid = {864637F8-B865-4CED-848B-F934C082D166}
	EndGlobalSection
EndGlobal
